
Microsoft Visual Studio Solution File, Format Version 12.00
# Visual Studio Version 16
VisualStudioVersion = 16.0.30804.86
MinimumVisualStudioVersion = 10.0.40219.1
Project("{8BC9CEB8-8B4A-11D0-8D11-00A0C91BC942}") = "CallCmdCpp", "CallCmdCpp\CallCmdCpp.vcxproj", "{BBE679B6-AFD9-4254-99DA-A8C582DAF221}"
EndProject
Global
	GlobalSection(SolutionConfigurationPlatforms) = preSolution
		Debug|x64 = Debug|x64
		Debug|x86 = Debug|x86
		Release|x64 = Release|x64
		Release|x86 = Release|x86
	EndGlobalSection
	GlobalSection(ProjectConfigurationPlatforms) = postSolution
		{BBE679B6-AFD9-4254-99DA-A8C582DAF221}.Debug|x64.ActiveCfg = Debug|x64
		{BBE679B6-AFD9-4254-99DA-A8C582DAF221}.Debug|x64.Build.0 = Debug|x64
		{BBE679B6-AFD9-4254-99DA-A8C582DAF221}.Debug|x86.ActiveCfg = Release|Win32
		{BBE679B6-AFD9-4254-99DA-A8C582DAF221}.Debug|x86.Build.0 = Release|Win32
		{BBE679B6-AFD9-4254-99DA-A8C582DAF221}.Release|x64.ActiveCfg = Release|x64
		{BBE679B6-AFD9-4254-99DA-A8C582DAF221}.Release|x64.Build.0 = Release|x64
		{BBE679B6-AFD9-4254-99DA-A8C582DAF221}.Release|x86.ActiveCfg = Release|Win32
		{BBE679B6-AFD9-4254-99DA-A8C582DAF221}.Release|x86.Build.0 = Release|Win32
	EndGlobalSection
	GlobalSection(SolutionProperties) = preSolution
		HideSolutionNode = FALSE
	EndGlobalSection
	GlobalSection(ExtensibilityGlobals) = postSolution
		SolutionGuid = {73D0E8EC-815D-414A-B791-A454D50345F7}
	EndGlobalSection
EndGlobal
